# This file is automatically @generated by Cargo.
# It is not intended for manual editing.
version = 4

[[package]]
name = "mic-channel-dingtalk"
version = "0.0.0"
dependencies = [
 "mic-core",
]

[[package]]
name = "mic-channel-web"
version = "0.0.0"
dependencies = [
 "mic-core",
]

[[package]]
name = "mic-core"
version = "0.0.0"
dependencies = [
 "mic-message",
 "mic-store",
 "mic-tool",
]

[[package]]
name = "mic-message"
version = "0.0.0"

[[package]]
name = "mic-store"
version = "0.0.0"
dependencies = [
 "mic-message",
]

[[package]]
name = "mic-tool"
version = "0.0.0"
dependencies = [
 "mic-message",
]

[[package]]
name = "micnext"
version = "0.0.0"
dependencies = [
 "mic-channel-dingtalk",
 "mic-channel-web",
 "mic-core",
 "mic-message",
 "mic-store",
 "mic-tool",
]
